
Microsoft Visual Studio Solution File, Format Version 12.00
# Visual Studio Version 17
VisualStudioVersion = 17.9.34622.214
MinimumVisualStudioVersion = 10.0.40219.1
Project("{9A19103F-16F7-4668-BE54-9A1E7A4F7556}") = "TeamService", "TeamService\TeamService.csproj", "{00D6DECA-8444-4A4B-B192-39FDAD9F02C4}"
EndProject
Project("{9A19103F-16F7-4668-BE54-9A1E7A4F7556}") = "UserService", "UserService\UserService.csproj", "{E2D623AD-3C7D-446E-B8CC-49CB079C1945}"
EndProject
Project("{9A19103F-16F7-4668-BE54-9A1E7A4F7556}") = "ProjectService", "ProjectService\ProjectService.csproj", "{D8AC3109-ED04-423C-B238-02C7BB85AECD}"
EndProject
Project("{9A19103F-16F7-4668-BE54-9A1E7A4F7556}") = "MessengerService", "MessengerService\MessengerService.csproj", "{D3B0D5AD-29FC-4745-A94F-DCE1CA85AB0E}"
EndProject
Project("{9A19103F-16F7-4668-BE54-9A1E7A4F7556}") = "NotificationService", "NotificationService\NotificationService.csproj", "{A972DE70-618C-4CF7-98B8-E25879809818}"
EndProject
Project("{9A19103F-16F7-4668-BE54-9A1E7A4F7556}") = "AuthenticationService", "AuthenticationService\AuthenticationService.csproj", "{53F11DE0-00B6-4BFA-A68C-FC51F30EAF59}"
EndProject
Project("{2150E333-8FDC-42A3-9474-1A3956D46DE8}") = "Services", "Services", "{BB87AEF0-ED9F-4048-A416-D883EE0EF2CF}"
EndProject
Project("{2150E333-8FDC-42A3-9474-1A3956D46DE8}") = "Getaway", "Getaway", "{A150972A-F27E-44C0-A5A8-80A986ED98E7}"
EndProject
Project("{2150E333-8FDC-42A3-9474-1A3956D46DE8}") = "Core", "Core", "{971E7061-400D-4946-A40F-A01C900F8BFB}"
EndProject
Project("{2150E333-8FDC-42A3-9474-1A3956D46DE8}") = "Infrustructure", "Infrustructure", "{27FE9E4C-DFE6-4E65-A0E9-514267D553E9}"
EndProject
Project("{2150E333-8FDC-42A3-9474-1A3956D46DE8}") = "Application", "Application", "{0184FDD5-2BF7-4C1E-AB4A-576F4E82D365}"
EndProject
Project("{2150E333-8FDC-42A3-9474-1A3956D46DE8}") = "Presentation", "Presentation", "{A0B02D87-FD9F-488F-85CF-8F35527AA97B}"
EndProject
Project("{9A19103F-16F7-4668-BE54-9A1E7A4F7556}") = "Getaway.Core", "Getaway.Core\Getaway.Core.csproj", "{6E25D811-5F98-45D3-B71B-2A462A2E9FE4}"
EndProject
Project("{9A19103F-16F7-4668-BE54-9A1E7A4F7556}") = "Getaway.Application", "Getaway.Application\Getaway.Application.csproj", "{66FCA881-E161-46BB-9FEB-87B008C87D9C}"
EndProject
Project("{9A19103F-16F7-4668-BE54-9A1E7A4F7556}") = "Getaway.Infrustructure", "Getaway.Infrustructure\Getaway.Infrustructure.csproj", "{0AE329EF-0266-4167-B5C4-D588AB65DCD0}"
EndProject
Project("{9A19103F-16F7-4668-BE54-9A1E7A4F7556}") = "Getaway.Presentation", "Getaway.Presentation\Getaway.Presentation.csproj", "{E869A0E0-1F9F-4D47-A5E3-516C62B844E8}"
EndProject
Project("{2150E333-8FDC-42A3-9474-1A3956D46DE8}") = "Database", "Database", "{5A940DFF-EFAF-4F8F-93B6-16D1874CF6F5}"
EndProject
Project("{9A19103F-16F7-4668-BE54-9A1E7A4F7556}") = "GreatDatabase", "GreatDatabase\GreatDatabase.csproj", "{7859C047-4BC2-4EC5-BCFF-B9C4967B14C0}"
EndProject
Global
	GlobalSection(SolutionConfigurationPlatforms) = preSolution
		Debug|Any CPU = Debug|Any CPU
		Release|Any CPU = Release|Any CPU
	EndGlobalSection
	GlobalSection(ProjectConfigurationPlatforms) = postSolution
		{00D6DECA-8444-4A4B-B192-39FDAD9F02C4}.Debug|Any CPU.ActiveCfg = Debug|Any CPU
		{00D6DECA-8444-4A4B-B192-39FDAD9F02C4}.Debug|Any CPU.Build.0 = Debug|Any CPU
		{00D6DECA-8444-4A4B-B192-39FDAD9F02C4}.Release|Any CPU.ActiveCfg = Release|Any CPU
		{00D6DECA-8444-4A4B-B192-39FDAD9F02C4}.Release|Any CPU.Build.0 = Release|Any CPU
		{E2D623AD-3C7D-446E-B8CC-49CB079C1945}.Debug|Any CPU.ActiveCfg = Debug|Any CPU
		{E2D623AD-3C7D-446E-B8CC-49CB079C1945}.Debug|Any CPU.Build.0 = Debug|Any CPU
		{E2D623AD-3C7D-446E-B8CC-49CB079C1945}.Release|Any CPU.ActiveCfg = Release|Any CPU
		{E2D623AD-3C7D-446E-B8CC-49CB079C1945}.Release|Any CPU.Build.0 = Release|Any CPU
		{D8AC3109-ED04-423C-B238-02C7BB85AECD}.Debug|Any CPU.ActiveCfg = Debug|Any CPU
		{D8AC3109-ED04-423C-B238-02C7BB85AECD}.Debug|Any CPU.Build.0 = Debug|Any CPU
		{D8AC3109-ED04-423C-B238-02C7BB85AECD}.Release|Any CPU.ActiveCfg = Release|Any CPU
		{D8AC3109-ED04-423C-B238-02C7BB85AECD}.Release|Any CPU.Build.0 = Release|Any CPU
		{D3B0D5AD-29FC-4745-A94F-DCE1CA85AB0E}.Debug|Any CPU.ActiveCfg = Debug|Any CPU
		{D3B0D5AD-29FC-4745-A94F-DCE1CA85AB0E}.Debug|Any CPU.Build.0 = Debug|Any CPU
		{D3B0D5AD-29FC-4745-A94F-DCE1CA85AB0E}.Release|Any CPU.ActiveCfg = Release|Any CPU
		{D3B0D5AD-29FC-4745-A94F-DCE1CA85AB0E}.Release|Any CPU.Build.0 = Release|Any CPU
		{A972DE70-618C-4CF7-98B8-E25879809818}.Debug|Any CPU.ActiveCfg = Debug|Any CPU
		{A972DE70-618C-4CF7-98B8-E25879809818}.Debug|Any CPU.Build.0 = Debug|Any CPU
		{A972DE70-618C-4CF7-98B8-E25879809818}.Release|Any CPU.ActiveCfg = Release|Any CPU
		{A972DE70-618C-4CF7-98B8-E25879809818}.Release|Any CPU.Build.0 = Release|Any CPU
		{53F11DE0-00B6-4BFA-A68C-FC51F30EAF59}.Debug|Any CPU.ActiveCfg = Debug|Any CPU
		{53F11DE0-00B6-4BFA-A68C-FC51F30EAF59}.Debug|Any CPU.Build.0 = Debug|Any CPU
		{53F11DE0-00B6-4BFA-A68C-FC51F30EAF59}.Release|Any CPU.ActiveCfg = Release|Any CPU
		{53F11DE0-00B6-4BFA-A68C-FC51F30EAF59}.Release|Any CPU.Build.0 = Release|Any CPU
		{6E25D811-5F98-45D3-B71B-2A462A2E9FE4}.Debug|Any CPU.ActiveCfg = Debug|Any CPU
		{6E25D811-5F98-45D3-B71B-2A462A2E9FE4}.Debug|Any CPU.Build.0 = Debug|Any CPU
		{6E25D811-5F98-45D3-B71B-2A462A2E9FE4}.Release|Any CPU.ActiveCfg = Release|Any CPU
		{6E25D811-5F98-45D3-B71B-2A462A2E9FE4}.Release|Any CPU.Build.0 = Release|Any CPU
		{66FCA881-E161-46BB-9FEB-87B008C87D9C}.Debug|Any CPU.ActiveCfg = Debug|Any CPU
		{66FCA881-E161-46BB-9FEB-87B008C87D9C}.Debug|Any CPU.Build.0 = Debug|Any CPU
		{66FCA881-E161-46BB-9FEB-87B008C87D9C}.Release|Any CPU.ActiveCfg = Release|Any CPU
		{66FCA881-E161-46BB-9FEB-87B008C87D9C}.Release|Any CPU.Build.0 = Release|Any CPU
		{0AE329EF-0266-4167-B5C4-D588AB65DCD0}.Debug|Any CPU.ActiveCfg = Debug|Any CPU
		{0AE329EF-0266-4167-B5C4-D588AB65DCD0}.Debug|Any CPU.Build.0 = Debug|Any CPU
		{0AE329EF-0266-4167-B5C4-D588AB65DCD0}.Release|Any CPU.ActiveCfg = Release|Any CPU
		{0AE329EF-0266-4167-B5C4-D588AB65DCD0}.Release|Any CPU.Build.0 = Release|Any CPU
		{E869A0E0-1F9F-4D47-A5E3-516C62B844E8}.Debug|Any CPU.ActiveCfg = Debug|Any CPU
		{E869A0E0-1F9F-4D47-A5E3-516C62B844E8}.Debug|Any CPU.Build.0 = Debug|Any CPU
		{E869A0E0-1F9F-4D47-A5E3-516C62B844E8}.Release|Any CPU.ActiveCfg = Release|Any CPU
		{E869A0E0-1F9F-4D47-A5E3-516C62B844E8}.Release|Any CPU.Build.0 = Release|Any CPU
		{7859C047-4BC2-4EC5-BCFF-B9C4967B14C0}.Debug|Any CPU.ActiveCfg = Debug|Any CPU
		{7859C047-4BC2-4EC5-BCFF-B9C4967B14C0}.Debug|Any CPU.Build.0 = Debug|Any CPU
		{7859C047-4BC2-4EC5-BCFF-B9C4967B14C0}.Release|Any CPU.ActiveCfg = Release|Any CPU
		{7859C047-4BC2-4EC5-BCFF-B9C4967B14C0}.Release|Any CPU.Build.0 = Release|Any CPU
	EndGlobalSection
	GlobalSection(SolutionProperties) = preSolution
		HideSolutionNode = FALSE
	EndGlobalSection
	GlobalSection(NestedProjects) = preSolution
		{00D6DECA-8444-4A4B-B192-39FDAD9F02C4} = {BB87AEF0-ED9F-4048-A416-D883EE0EF2CF}
		{E2D623AD-3C7D-446E-B8CC-49CB079C1945} = {BB87AEF0-ED9F-4048-A416-D883EE0EF2CF}
		{D8AC3109-ED04-423C-B238-02C7BB85AECD} = {BB87AEF0-ED9F-4048-A416-D883EE0EF2CF}
		{D3B0D5AD-29FC-4745-A94F-DCE1CA85AB0E} = {BB87AEF0-ED9F-4048-A416-D883EE0EF2CF}
		{A972DE70-618C-4CF7-98B8-E25879809818} = {BB87AEF0-ED9F-4048-A416-D883EE0EF2CF}
		{53F11DE0-00B6-4BFA-A68C-FC51F30EAF59} = {BB87AEF0-ED9F-4048-A416-D883EE0EF2CF}
		{971E7061-400D-4946-A40F-A01C900F8BFB} = {A150972A-F27E-44C0-A5A8-80A986ED98E7}
		{27FE9E4C-DFE6-4E65-A0E9-514267D553E9} = {A150972A-F27E-44C0-A5A8-80A986ED98E7}
		{0184FDD5-2BF7-4C1E-AB4A-576F4E82D365} = {A150972A-F27E-44C0-A5A8-80A986ED98E7}
		{A0B02D87-FD9F-488F-85CF-8F35527AA97B} = {A150972A-F27E-44C0-A5A8-80A986ED98E7}
		{6E25D811-5F98-45D3-B71B-2A462A2E9FE4} = {971E7061-400D-4946-A40F-A01C900F8BFB}
		{66FCA881-E161-46BB-9FEB-87B008C87D9C} = {0184FDD5-2BF7-4C1E-AB4A-576F4E82D365}
		{0AE329EF-0266-4167-B5C4-D588AB65DCD0} = {27FE9E4C-DFE6-4E65-A0E9-514267D553E9}
		{E869A0E0-1F9F-4D47-A5E3-516C62B844E8} = {A0B02D87-FD9F-488F-85CF-8F35527AA97B}
		{7859C047-4BC2-4EC5-BCFF-B9C4967B14C0} = {5A940DFF-EFAF-4F8F-93B6-16D1874CF6F5}
	EndGlobalSection
	GlobalSection(ExtensibilityGlobals) = postSolution
		SolutionGuid = {0B4B8925-C51C-4A6D-BB57-F0F6DA325625}
	EndGlobalSection
EndGlobal
